
Microsoft Visual Studio Solution File, Format Version 12.00
# Visual Studio 15
Project("{FAE04EC0-301F-11D3-BF4B-00C04F79EFBC}") = "denemesig", "denemesig\denemesig.csproj", "{14EBE725-5C89-4640-A73B-44058D9F1C99}"
EndProject
Project("{FAE04EC0-301F-11D3-BF4B-00C04F79EFBC}") = "denemesig.Tests", "denemesig.Tests\denemesig.Tests.csproj", "{9F138794-B13E-4C87-8CB0-EA8710E3EC99}"
EndProject
Global
	GlobalSection(SolutionConfigurationPlatforms) = preSolution
		Debug|Any CPU = Debug|Any CPU
		Release|Any CPU = Release|Any CPU
	EndGlobalSection
	GlobalSection(ProjectConfigurationPlatforms) = postSolution
		{14EBE725-5C89-4640-A73B-44058D9F1C99}.Debug|Any CPU.ActiveCfg = Debug|Any CPU
		{14EBE725-5C89-4640-A73B-44058D9F1C99}.Debug|Any CPU.Build.0 = Debug|Any CPU
		{14EBE725-5C89-4640-A73B-44058D9F1C99}.Release|Any CPU.ActiveCfg = Release|Any CPU
		{14EBE725-5C89-4640-A73B-44058D9F1C99}.Release|Any CPU.Build.0 = Release|Any CPU
		{9F138794-B13E-4C87-8CB0-EA8710E3EC99}.Debug|Any CPU.ActiveCfg = Debug|Any CPU
		{9F138794-B13E-4C87-8CB0-EA8710E3EC99}.Debug|Any CPU.Build.0 = Debug|Any CPU
		{9F138794-B13E-4C87-8CB0-EA8710E3EC99}.Release|Any CPU.ActiveCfg = Release|Any CPU
		{9F138794-B13E-4C87-8CB0-EA8710E3EC99}.Release|Any CPU.Build.0 = Release|Any CPU
	EndGlobalSection
EndGlobal
